# THIS IS AN AUTOGENERATED FILE. DO NOT EDIT THIS FILE DIRECTLY.
# yarn lockfile v1


"@babel/parser@^7.18.4":
  version "7.21.8"
  resolved "https://registry.npmjs.org/@babel/parser/-/parser-7.21.8.tgz"
  integrity sha512-6zavDGdzG3gUqAdWvlLFfk+36RilI+Pwyuuh7HItyeScCWP3k6i8vKclAQ0bM/0y/Kz/xiwvxhMv9MgTJP5gmA==

"@vue/compiler-sfc@2.7.14":
  version "2.7.14"
  resolved "https://registry.npmjs.org/@vue/compiler-sfc/-/compiler-sfc-2.7.14.tgz"
  integrity sha512-aNmNHyLPsw+sVvlQFQ2/8sjNuLtK54TC6cuKnVzAY93ks4ZBrvwQSnkkIh7bsbNhum5hJBS00wSDipQ937f5DA==
  dependencies:
    "@babel/parser" "^7.18.4"
    postcss "^8.4.14"
    source-map "^0.6.1"

csstype@^3.1.0:
  version "3.1.2"
  resolved "https://registry.npmjs.org/csstype/-/csstype-3.1.2.tgz"
  integrity sha512-I7K1Uu0MBPzaFKg4nI5Q7Vs2t+3gWWW648spaF+Rg7pI9ds18Ugn+lvg4SHczUdKlHI5LWBXyqfS8+DufyBsgQ==

d3-array@^2.3.0, d3-array@2:
  version "2.12.1"
  resolved "https://registry.npmjs.org/d3-array/-/d3-array-2.12.1.tgz"
  integrity sha512-B0ErZK/66mHtEsR1TkPEEkwdy+WDesimkM5gpZr5Dsg54BiTA5RXtYW5qTLIAcekaS9xfZrzBLF/OAkB3Qn1YQ==
  dependencies:
    internmap "^1.0.0"

d3-axis@^1.0.12:
  version "1.0.12"
  resolved "https://registry.npmjs.org/d3-axis/-/d3-axis-1.0.12.tgz"
  integrity sha512-ejINPfPSNdGFKEOAtnBtdkpr24c4d4jsei6Lg98mxf424ivoDP2956/5HDpIAtmHo85lqT4pruy+zEgvRUBqaQ==

d3-cloud@^1.2.5:
  version "1.2.5"
  resolved "https://registry.npmjs.org/d3-cloud/-/d3-cloud-1.2.5.tgz"
  integrity sha512-4s2hXZgvs0CoUIw31oBAGrHt9Kt/7P9Ik5HIVzISFiWkD0Ga2VLAuO/emO/z1tYIpE7KG2smB4PhMPfFMJpahw==
  dependencies:
    d3-dispatch "^1.0.3"

d3-color@1:
  version "1.4.1"
  resolved "https://registry.npmjs.org/d3-color/-/d3-color-1.4.1.tgz"
  integrity sha512-p2sTHSLCJI2QKunbGb7ocOh7DgTAn8IrLx21QRc/BSnodXM4sv6aLQlnfpvehFMLZEfBc6g9pH9SWQccFYfJ9Q==

d3-dispatch@^1.0.3, d3-dispatch@1:
  version "1.0.6"
  resolved "https://registry.npmjs.org/d3-dispatch/-/d3-dispatch-1.0.6.tgz"
  integrity sha512-fVjoElzjhCEy+Hbn8KygnmMS7Or0a9sI2UzGwoB7cCtvI1XpVN9GpoYlnb3xt2YV66oXYb1fLJ8GMvP4hdU1RA==

d3-ease@^1.0.6, d3-ease@1:
  version "1.0.7"
  resolved "https://registry.npmjs.org/d3-ease/-/d3-ease-1.0.7.tgz"
  integrity sha512-lx14ZPYkhNx0s/2HX5sLFUI3mbasHjSSpwO/KaaNACweVwxUruKyWVcb293wMv1RqTPZyZ8kSZ2NogUZNcLOFQ==

"d3-format@1 - 2":
  version "2.0.0"
  resolved "https://registry.npmjs.org/d3-format/-/d3-format-2.0.0.tgz"
  integrity sha512-Ab3S6XuE/Q+flY96HXT0jOXcM4EAClYFnRGY5zsjRGNy6qCYrQsMffs7cV5Q9xejb35zxW5hf/guKw34kvIKsA==

d3-hierarchy@^1.1.9:
  version "1.1.9"
  resolved "https://registry.npmjs.org/d3-hierarchy/-/d3-hierarchy-1.1.9.tgz"
  integrity sha512-j8tPxlqh1srJHAtxfvOUwKNYJkQuBFdM1+JAUfq6xqH5eAqf93L7oG1NVqDa4CpFZNvnNKtCYEUC8KY9yEn9lQ==

d3-interpolate@^1.4.0, d3-interpolate@1, "d3-interpolate@1.2.0 - 2":
  version "1.4.0"
  resolved "https://registry.npmjs.org/d3-interpolate/-/d3-interpolate-1.4.0.tgz"
  integrity sha512-V9znK0zc3jOPV4VD2zZn0sDhZU3WAE2bmlxdIwwQPPzPjvyLkd8B3JUVdS1IDUFDkWZ72c9qnv1GK2ZagTZ8EA==
  dependencies:
    d3-color "1"

d3-path@1:
  version "1.0.9"
  resolved "https://registry.npmjs.org/d3-path/-/d3-path-1.0.9.tgz"
  integrity sha512-VLaYcn81dtHVTjEHd8B+pbe9yHWpXKZUC87PzoFmsFrJqgFwDe/qxfp5MlfsfM1V5E/iVt0MmEbWQ7FVIXh/bg==

d3-scale-chromatic@^1.5.0:
  version "1.5.0"
  resolved "https://registry.npmjs.org/d3-scale-chromatic/-/d3-scale-chromatic-1.5.0.tgz"
  integrity sha512-ACcL46DYImpRFMBcpk9HhtIyC7bTBR4fNOPxwVSl0LfulDAwyiHyPOTqcDG1+t5d4P9W7t/2NAuWu59aKko/cg==
  dependencies:
    d3-color "1"
    d3-interpolate "1"

d3-scale@^3.2.1:
  version "3.3.0"
  resolved "https://registry.npmjs.org/d3-scale/-/d3-scale-3.3.0.tgz"
  integrity sha512-1JGp44NQCt5d1g+Yy+GeOnZP7xHo0ii8zsQp6PGzd+C1/dl0KGsp9A7Mxwp+1D1o4unbTTxVdU/ZOIEBoeZPbQ==
  dependencies:
    d3-array "^2.3.0"
    d3-format "1 - 2"
    d3-interpolate "1.2.0 - 2"
    d3-time "^2.1.1"
    d3-time-format "2 - 3"

d3-selection@^1.1.0, d3-selection@^1.4.1:
  version "1.4.2"
  resolved "https://registry.npmjs.org/d3-selection/-/d3-selection-1.4.2.tgz"
  integrity sha512-SJ0BqYihzOjDnnlfyeHT0e30k0K1+5sR3d5fNueCNeuhZTnGw4M4o8mqJchSwgKMXCNFo+e2VTChiSJ0vYtXkg==

d3-shape@^1.3.7:
  version "1.3.7"
  resolved "https://registry.npmjs.org/d3-shape/-/d3-shape-1.3.7.tgz"
  integrity sha512-EUkvKjqPFUAZyOlhY5gzCxCeI0Aep04LwIRpsZ/mLFelJiUfnK56jo5JMDSE7yyP2kLSb6LtF+S5chMk7uqPqw==
  dependencies:
    d3-path "1"

d3-time-format@^2.2.3, "d3-time-format@2 - 3":
  version "2.3.0"
  resolved "https://registry.npmjs.org/d3-time-format/-/d3-time-format-2.3.0.tgz"
  integrity sha512-guv6b2H37s2Uq/GefleCDtbe0XZAuy7Wa49VGkPVPMfLL9qObgBST3lEHJBMUp8S7NdLQAGIvr2KXk8Hc98iKQ==
  dependencies:
    d3-time "1"

d3-time@^2.1.1:
  version "2.1.1"
  resolved "https://registry.npmjs.org/d3-time/-/d3-time-2.1.1.tgz"
  integrity sha512-/eIQe/eR4kCQwq7yxi7z4c6qEXf2IYGcjoWB5OOQy4Tq9Uv39/947qlDcN2TLkiTzQWzvnsuYPB9TrWaNfipKQ==
  dependencies:
    d3-array "2"

d3-time@1:
  version "1.1.0"
  resolved "https://registry.npmjs.org/d3-time/-/d3-time-1.1.0.tgz"
  integrity sha512-Xh0isrZ5rPYYdqhAVk8VLnMEidhz5aP7htAADH6MfzgmmicPkTo8LhkLxci61/lCB7n7UmE3bN0leRt+qvkLxA==

d3-timer@1:
  version "1.0.10"
  resolved "https://registry.npmjs.org/d3-timer/-/d3-timer-1.0.10.tgz"
  integrity sha512-B1JDm0XDaQC+uvo4DT79H0XmBskgS3l6Ve+1SBCfxgmtIb1AVrPIoqd+nPSv+loMX8szQ0sVUhGngL7D5QPiXw==

d3-transition@^1.3.2:
  version "1.3.2"
  resolved "https://registry.npmjs.org/d3-transition/-/d3-transition-1.3.2.tgz"
  integrity sha512-sc0gRU4PFqZ47lPVHloMn9tlPcv8jxgOQg+0zjhfZXMQuvppjG6YuwdMBE0TuqCZjeJkLecku/l9R0JPcRhaDA==
  dependencies:
    d3-color "1"
    d3-dispatch "1"
    d3-ease "1"
    d3-interpolate "1"
    d3-selection "^1.1.0"
    d3-timer "1"

internmap@^1.0.0:
  version "1.0.1"
  resolved "https://registry.npmjs.org/internmap/-/internmap-1.0.1.tgz"
  integrity sha512-lDB5YccMydFBtasVtxnZ3MRBHuaoE8GKsppq+EchKL2U4nK/DmEpPHNH8MZe5HkMtpSiTSOZwfN0tzYjO/lJEw==

nanoid@^3.3.6:
  version "3.3.6"
  resolved "https://registry.npmjs.org/nanoid/-/nanoid-3.3.6.tgz"
  integrity sha512-BGcqMMJuToF7i1rt+2PWSNVnWIkGCU78jBG3RxO/bZlnZPK2Cmi2QaffxGO/2RvWi9sL+FAiRiXMgsyxQ1DIDA==

picocolors@^1.0.0:
  version "1.0.0"
  resolved "https://registry.npmjs.org/picocolors/-/picocolors-1.0.0.tgz"
  integrity sha512-1fygroTLlHu66zi26VoTDv8yRgm0Fccecssto+MhsZ0D/DGW2sm8E8AjW7NU5VVTRt5GxbeZ5qBuJr+HyLYkjQ==

postcss@^8.4.14:
  version "8.4.23"
  resolved "https://registry.npmjs.org/postcss/-/postcss-8.4.23.tgz"
  integrity sha512-bQ3qMcpF6A/YjR55xtoTr0jGOlnPOKAIMdOWiv0EIT6HVPEaJiJB4NLljSbiHoC2RX7DN5Uvjtpbg1NPdwv1oA==
  dependencies:
    nanoid "^3.3.6"
    picocolors "^1.0.0"
    source-map-js "^1.0.2"

source-map-js@^1.0.2:
  version "1.0.2"
  resolved "https://registry.npmjs.org/source-map-js/-/source-map-js-1.0.2.tgz"
  integrity sha512-R0XvVJ9WusLiqTCEiGCmICCMplcCkIwwR11mOSD9CR5u+IXYdiseeEuXCVAjS54zqwkLcPNnmU4OeJ6tUrWhDw==

source-map@^0.6.1:
  version "0.6.1"
  resolved "https://registry.npmjs.org/source-map/-/source-map-0.6.1.tgz"
  integrity sha512-UjgapumWlbMhkBgzT7Ykc5YXUT46F0iKu8SGXq0bcwP5dz/h0Plj6enJqjz1Zbq2l5WaqYnrVbwWOWMyF3F47g==

vue-d3-charts@^0.2.8:
  version "0.2.8"
  resolved "https://registry.npmjs.org/vue-d3-charts/-/vue-d3-charts-0.2.8.tgz"
  integrity sha512-t9y7WBXVC/R47Nb2PwLqw7z3Oqip6yi4PJcRDnG4w3dUmYEA431IiZ2s7v/w8aSHRf24mVDecSUGWS8lGkypZg==
  dependencies:
    d3-axis "^1.0.12"
    d3-cloud "^1.2.5"
    d3-ease "^1.0.6"
    d3-hierarchy "^1.1.9"
    d3-interpolate "^1.4.0"
    d3-scale "^3.2.1"
    d3-scale-chromatic "^1.5.0"
    d3-selection "^1.4.1"
    d3-shape "^1.3.7"
    d3-time-format "^2.2.3"
    d3-transition "^1.3.2"

vue@^2.6.10:
  version "2.7.14"
  resolved "https://registry.npmjs.org/vue/-/vue-2.7.14.tgz"
  integrity sha512-b2qkFyOM0kwqWFuQmgd4o+uHGU7T+2z3T+WQp8UBjADfEv2n4FEMffzBmCKNP0IGzOEEfYjvtcC62xaSKeQDrQ==
  dependencies:
    "@vue/compiler-sfc" "2.7.14"
    csstype "^3.1.0"
